
Microsoft Visual Studio Solution File, Format Version 12.00
# Visual Studio Version 17
VisualStudioVersion = 17.5.002.0
MinimumVisualStudioVersion = 10.0.40219.1
Project("{9A19103F-16F7-4668-BE54-9A1E7A4F7556}") = "Herança 2110", "Herança 2110.csproj", "{8211EC5C-0A0E-44FF-B01E-B457A98C397C}"
EndProject
Global
	GlobalSection(SolutionConfigurationPlatforms) = preSolution
		Debug|Any CPU = Debug|Any CPU
		Release|Any CPU = Release|Any CPU
	EndGlobalSection
	GlobalSection(ProjectConfigurationPlatforms) = postSolution
		{8211EC5C-0A0E-44FF-B01E-B457A98C397C}.Debug|Any CPU.ActiveCfg = Debug|Any CPU
		{8211EC5C-0A0E-44FF-B01E-B457A98C397C}.Debug|Any CPU.Build.0 = Debug|Any CPU
		{8211EC5C-0A0E-44FF-B01E-B457A98C397C}.Release|Any CPU.ActiveCfg = Release|Any CPU
		{8211EC5C-0A0E-44FF-B01E-B457A98C397C}.Release|Any CPU.Build.0 = Release|Any CPU
	EndGlobalSection
	GlobalSection(SolutionProperties) = preSolution
		HideSolutionNode = FALSE
	EndGlobalSection
	GlobalSection(ExtensibilityGlobals) = postSolution
		SolutionGuid = {4E86D17C-DAAF-407E-AC75-CE2F4991052A}
	EndGlobalSection
EndGlobal
